
Microsoft Visual Studio Solution File, Format Version 12.00
# Visual Studio Version 17
VisualStudioVersion = 17.14.36301.6 d17.14
MinimumVisualStudioVersion = 10.0.40219.1
Project("{FAE04EC0-301F-11D3-BF4B-00C04F79EFBC}") = "TasoDoro", "TasoDoro.csproj", "{6568318B-DB8E-475B-BFEF-CE302F9BFD3C}"
EndProject
Global
	GlobalSection(SolutionConfigurationPlatforms) = preSolution
		Debug|Any CPU = Debug|Any CPU
		Release|Any CPU = Release|Any CPU
	EndGlobalSection
	GlobalSection(ProjectConfigurationPlatforms) = postSolution
		{6568318B-DB8E-475B-BFEF-CE302F9BFD3C}.Debug|Any CPU.ActiveCfg = Debug|Any CPU
		{6568318B-DB8E-475B-BFEF-CE302F9BFD3C}.Debug|Any CPU.Build.0 = Debug|Any CPU
		{6568318B-DB8E-475B-BFEF-CE302F9BFD3C}.Release|Any CPU.ActiveCfg = Release|Any CPU
		{6568318B-DB8E-475B-BFEF-CE302F9BFD3C}.Release|Any CPU.Build.0 = Release|Any CPU
	EndGlobalSection
	GlobalSection(SolutionProperties) = preSolution
		HideSolutionNode = FALSE
	EndGlobalSection
	GlobalSection(ExtensibilityGlobals) = postSolution
		SolutionGuid = {8BC95C6D-E0CF-42DE-AC5E-A349C6C4910C}
	EndGlobalSection
EndGlobal
